
Microsoft Visual Studio Solution File, Format Version 12.00
# Visual Studio Version 17
VisualStudioVersion = 17.0.31903.59
MinimumVisualStudioVersion = 10.0.40219.1
Project("{FAE04EC0-301F-11D3-BF4B-00C04F79EFBC}") = "AutomationTest.Core", "AutomationTest.Core\AutomationTest.Core.csproj", "{8CC17634-2530-4EB4-85E4-E204959794B9}"
EndProject
Project("{FAE04EC0-301F-11D3-BF4B-00C04F79EFBC}") = "AutomationTest.Tests", "AutomationTest.Tests\AutomationTest.Tests.csproj", "{744F6924-BA93-4E17-ACD9-7ABCEBB53D7E}"
EndProject
Global
	GlobalSection(SolutionConfigurationPlatforms) = preSolution
		Debug|Any CPU = Debug|Any CPU
		Debug|x64 = Debug|x64
		Debug|x86 = Debug|x86
		Release|Any CPU = Release|Any CPU
		Release|x64 = Release|x64
		Release|x86 = Release|x86
	EndGlobalSection
	GlobalSection(ProjectConfigurationPlatforms) = postSolution
		{8CC17634-2530-4EB4-85E4-E204959794B9}.Debug|Any CPU.ActiveCfg = Debug|Any CPU
		{8CC17634-2530-4EB4-85E4-E204959794B9}.Debug|Any CPU.Build.0 = Debug|Any CPU
		{8CC17634-2530-4EB4-85E4-E204959794B9}.Debug|x64.ActiveCfg = Debug|Any CPU
		{8CC17634-2530-4EB4-85E4-E204959794B9}.Debug|x64.Build.0 = Debug|Any CPU
		{8CC17634-2530-4EB4-85E4-E204959794B9}.Debug|x86.ActiveCfg = Debug|Any CPU
		{8CC17634-2530-4EB4-85E4-E204959794B9}.Debug|x86.Build.0 = Debug|Any CPU
		{8CC17634-2530-4EB4-85E4-E204959794B9}.Release|Any CPU.ActiveCfg = Release|Any CPU
		{8CC17634-2530-4EB4-85E4-E204959794B9}.Release|Any CPU.Build.0 = Release|Any CPU
		{8CC17634-2530-4EB4-85E4-E204959794B9}.Release|x64.ActiveCfg = Release|Any CPU
		{8CC17634-2530-4EB4-85E4-E204959794B9}.Release|x64.Build.0 = Release|Any CPU
		{8CC17634-2530-4EB4-85E4-E204959794B9}.Release|x86.ActiveCfg = Release|Any CPU
		{8CC17634-2530-4EB4-85E4-E204959794B9}.Release|x86.Build.0 = Release|Any CPU
		{744F6924-BA93-4E17-ACD9-7ABCEBB53D7E}.Debug|Any CPU.ActiveCfg = Debug|Any CPU
		{744F6924-BA93-4E17-ACD9-7ABCEBB53D7E}.Debug|Any CPU.Build.0 = Debug|Any CPU
		{744F6924-BA93-4E17-ACD9-7ABCEBB53D7E}.Debug|x64.ActiveCfg = Debug|Any CPU
		{744F6924-BA93-4E17-ACD9-7ABCEBB53D7E}.Debug|x64.Build.0 = Debug|Any CPU
		{744F6924-BA93-4E17-ACD9-7ABCEBB53D7E}.Debug|x86.ActiveCfg = Debug|Any CPU
		{744F6924-BA93-4E17-ACD9-7ABCEBB53D7E}.Debug|x86.Build.0 = Debug|Any CPU
		{744F6924-BA93-4E17-ACD9-7ABCEBB53D7E}.Release|Any CPU.ActiveCfg = Release|Any CPU
		{744F6924-BA93-4E17-ACD9-7ABCEBB53D7E}.Release|Any CPU.Build.0 = Release|Any CPU
		{744F6924-BA93-4E17-ACD9-7ABCEBB53D7E}.Release|x64.ActiveCfg = Release|Any CPU
		{744F6924-BA93-4E17-ACD9-7ABCEBB53D7E}.Release|x64.Build.0 = Release|Any CPU
		{744F6924-BA93-4E17-ACD9-7ABCEBB53D7E}.Release|x86.ActiveCfg = Release|Any CPU
		{744F6924-BA93-4E17-ACD9-7ABCEBB53D7E}.Release|x86.Build.0 = Release|Any CPU
	EndGlobalSection
	GlobalSection(SolutionProperties) = preSolution
		HideSolutionNode = FALSE
	EndGlobalSection
EndGlobal
